{
    "name": "server",
    "version": "1.0.0",
    "lockfileVersion": 1,
    "requires": true,
    "dependencies": {
        "@peculiar/asn1-android": {
            "version": "2.0.27",
            "resolved": "https://registry.npmjs.org/@peculiar/asn1-android/-/asn1-android-2.0.27.tgz",
            "integrity": "sha512-NVwAW1+g7GsSzfZtVlLrCQZ8EOz0CrQgSM1ebWRnQ3uaEESDLl/BUv8xfLIUG/Poss6rTzRMx4OwHOC19F4Lmw==",
            "requires": {
                "@peculiar/asn1-schema": "^2.0.27",
                "asn1js": "^2.0.26",
                "tslib": "^2.0.3"
            }
        },
        "@peculiar/asn1-schema": {
            "version": "2.0.27",
            "resolved": "https://registry.npmjs.org/@peculiar/asn1-schema/-/asn1-schema-2.0.27.tgz",
            "integrity": "sha512-1tIx7iL3Ma3HtnNS93nB7nhyI0soUJypElj9owd4tpMrRDmeJ8eZubsdq1sb0KSaCs5RqZNoABCP6m5WtnlVhQ==",
            "requires": {
                "@types/asn1js": "^2.0.0",
                "asn1js": "^2.0.26",
                "pvtsutils": "^1.1.1",
                "tslib": "^2.0.3"
            }
        },
        "@peculiar/asn1-x509": {
            "version": "2.0.27",
            "resolved": "https://registry.npmjs.org/@peculiar/asn1-x509/-/asn1-x509-2.0.27.tgz",
            "integrity": "sha512-NUfYamIvWyCQTRTDQUXxRiEWXLLIVsp3mEsbcW/EkrMHJ4of/3eW3YFUssJlkERYXLAkZNXl/VEEa2j+XAwAMw==",
            "requires": {
                "@peculiar/asn1-schema": "^2.0.27",
                "asn1js": "^2.0.26",
                "ipaddr.js": "^2.0.0",
                "pvtsutils": "^1.1.1",
                "tslib": "^2.0.3"
            }
        },
        "@simplewebauthn/server": {
            "version": "0.10.6",
            "resolved": "https://registry.npmjs.org/@simplewebauthn/server/-/server-0.10.6.tgz",
            "integrity": "sha512-N7XWZ4gbYhN5qR27RHFWj56sxxUbfYD69IAZUA17P1RqxmqsNucSUJtcMcpj4ezAnhd0B6uhquX73d+7M9CgBA==",
            "requires": {
                "@peculiar/asn1-android": "^2.0.26",
                "@peculiar/asn1-schema": "^2.0.26",
                "@peculiar/asn1-x509": "^2.0.26",
                "@simplewebauthn/typescript-types": "^0.10.5",
                "base64url": "^3.0.1",
                "cbor": "^5.1.0",
                "elliptic": "^6.5.3",
                "jsrsasign": "^10.0.5",
                "jwk-to-pem": "^2.0.4",
                "node-fetch": "^2.6.0",
                "node-rsa": "^1.1.1"
            }
        },
        "@simplewebauthn/typescript-types": {
            "version": "0.10.5",
            "resolved": "https://registry.npmjs.org/@simplewebauthn/typescript-types/-/typescript-types-0.10.5.tgz",
            "integrity": "sha512-6BPwztGkYmgH0fKFRjdj+lJPqR1qEpDVBY1Wy3THnemFnTosEATDgC1LApsic6VBgCMvGwUD7TtXt+QPwqElCQ=="
        },
        "@types/asn1js": {
            "version": "2.0.0",
            "resolved": "https://registry.npmjs.org/@types/asn1js/-/asn1js-2.0.0.tgz",
            "integrity": "sha512-Jjzp5EqU0hNpADctc/UqhiFbY1y2MqIxBVa2S4dBlbnZHTLPMuggoL5q43X63LpsOIINRDirBjP56DUUKIUWIA=="
        },
        "asn1": {
            "version": "0.2.4",
            "resolved": "https://registry.npmjs.org/asn1/-/asn1-0.2.4.tgz",
            "integrity": "sha512-jxwzQpLQjSmWXgwaCZE9Nz+glAG01yF1QnWgbhGwHI5A6FRIEY6IVqtHhIepHqI7/kyEyQEagBC5mBEFlIYvdg==",
            "requires": {
                "safer-buffer": "~2.1.0"
            }
        },
        "asn1.js": {
            "version": "5.4.1",
            "resolved": "https://registry.npmjs.org/asn1.js/-/asn1.js-5.4.1.tgz",
            "integrity": "sha512-+I//4cYPccV8LdmBLiX8CYvf9Sp3vQsrqu2QNXRcrbiWvcx/UdlFiqUJJzxRQxgsZmvhXhn4cSKeSmoFjVdupA==",
            "requires": {
                "bn.js": "^4.0.0",
                "inherits": "^2.0.1",
                "minimalistic-assert": "^1.0.0",
                "safer-buffer": "^2.1.0"
            }
        },
        "asn1js": {
            "version": "2.0.26",
            "resolved": "https://registry.npmjs.org/asn1js/-/asn1js-2.0.26.tgz",
            "integrity": "sha512-yG89F0j9B4B0MKIcFyWWxnpZPLaNTjCj4tkE3fjbAoo0qmpGw0PYYqSbX/4ebnd9Icn8ZgK4K1fvDyEtW1JYtQ==",
            "requires": {
                "pvutils": "^1.0.17"
            }
        },
        "base64url": {
            "version": "3.0.1",
            "resolved": "https://registry.npmjs.org/base64url/-/base64url-3.0.1.tgz",
            "integrity": "sha512-ir1UPr3dkwexU7FdV8qBBbNDRUhMmIekYMFZfi+C/sLNnRESKPl23nB9b2pltqfOQNnGzsDdId90AEtG5tCx4A=="
        },
        "bignumber.js": {
            "version": "9.0.1",
            "resolved": "https://registry.npmjs.org/bignumber.js/-/bignumber.js-9.0.1.tgz",
            "integrity": "sha512-IdZR9mh6ahOBv/hYGiXyVuyCetmGJhtYkqLBpTStdhEGjegpPlUawydyaF3pbIOFynJTpllEs+NP+CS9jKFLjA=="
        },
        "bn.js": {
            "version": "4.11.9",
            "resolved": "https://registry.npmjs.org/bn.js/-/bn.js-4.11.9.tgz",
            "integrity": "sha512-E6QoYqCKZfgatHTdHzs1RRKP7ip4vvm+EyRUeE2RF0NblwVvb0p6jSVeNTOFxPn26QXN2o6SMfNxKp6kU8zQaw=="
        },
        "brorand": {
            "version": "1.1.0",
            "resolved": "https://registry.npmjs.org/brorand/-/brorand-1.1.0.tgz",
            "integrity": "sha1-EsJe/kCkXjwyPrhnWgoM5XsiNx8="
        },
        "cbor": {
            "version": "5.2.0",
            "resolved": "https://registry.npmjs.org/cbor/-/cbor-5.2.0.tgz",
            "integrity": "sha512-5IMhi9e1QU76ppa5/ajP1BmMWZ2FHkhAhjeVKQ/EFCgYSEaeVaoGtL7cxJskf9oCCk+XjzaIdc3IuU/dbA/o2A==",
            "requires": {
                "bignumber.js": "^9.0.1",
                "nofilter": "^1.0.4"
            }
        },
        "cookie": {
            "version": "0.4.0",
            "resolved": "https://registry.npmjs.org/cookie/-/cookie-0.4.0.tgz",
            "integrity": "sha512-+Hp8fLp57wnUSt0tY0tHEXh4voZRDnoIrZPqlo3DPiI4y9lwg/jqx+1Om94/W6ZaPDOUbnjOt/99w66zk+l1Xg=="
        },
        "cookie-parser": {
            "version": "1.4.5",
            "resolved": "https://registry.npmjs.org/cookie-parser/-/cookie-parser-1.4.5.tgz",
            "integrity": "sha512-f13bPUj/gG/5mDr+xLmSxxDsB9DQiTIfhJS/sqjrmfAWiAN+x2O4i/XguTL9yDZ+/IFDanJ+5x7hC4CXT9Tdzw==",
            "requires": {
                "cookie": "0.4.0",
                "cookie-signature": "1.0.6"
            }
        },
        "cookie-signature": {
            "version": "1.0.6",
            "resolved": "https://registry.npmjs.org/cookie-signature/-/cookie-signature-1.0.6.tgz",
            "integrity": "sha1-4wOogrNCzD7oylE6eZmXNNqzriw="
        },
        "elliptic": {
            "version": "6.5.3",
            "resolved": "https://registry.npmjs.org/elliptic/-/elliptic-6.5.3.tgz",
            "integrity": "sha512-IMqzv5wNQf+E6aHeIqATs0tOLeOTwj1QKbRcS3jBbYkl5oLAserA8yJTT7/VyHUYG91PRmPyeQDObKLPpeS4dw==",
            "requires": {
                "bn.js": "^4.4.0",
                "brorand": "^1.0.1",
                "hash.js": "^1.0.0",
                "hmac-drbg": "^1.0.0",
                "inherits": "^2.0.1",
                "minimalistic-assert": "^1.0.0",
                "minimalistic-crypto-utils": "^1.0.0"
            }
        },
        "hash.js": {
            "version": "1.1.7",
            "resolved": "https://registry.npmjs.org/hash.js/-/hash.js-1.1.7.tgz",
            "integrity": "sha512-taOaskGt4z4SOANNseOviYDvjEJinIkRgmp7LbKP2YTTmVxWBl87s/uzK9r+44BclBSp2X7K1hqeNfz9JbBeXA==",
            "requires": {
                "inherits": "^2.0.3",
                "minimalistic-assert": "^1.0.1"
            }
        },
        "hmac-drbg": {
            "version": "1.0.1",
            "resolved": "https://registry.npmjs.org/hmac-drbg/-/hmac-drbg-1.0.1.tgz",
            "integrity": "sha1-0nRXAQJabHdabFRXk+1QL8DGSaE=",
            "requires": {
                "hash.js": "^1.0.3",
                "minimalistic-assert": "^1.0.0",
                "minimalistic-crypto-utils": "^1.0.1"
            }
        },
        "inherits": {
            "version": "2.0.4",
            "resolved": "https://registry.npmjs.org/inherits/-/inherits-2.0.4.tgz",
            "integrity": "sha512-k/vGaX4/Yla3WzyMCvTQOXYeIHvqOKtnqBduzTHpzpQZzAskKMhZ2K+EnBiSM9zGSoIFeMpXKxa4dYeZIQqewQ=="
        },
        "ipaddr.js": {
            "version": "2.0.0",
            "resolved": "https://registry.npmjs.org/ipaddr.js/-/ipaddr.js-2.0.0.tgz",
            "integrity": "sha512-S54H9mIj0rbxRIyrDMEuuER86LdlgUg9FSeZ8duQb6CUG2iRrA36MYVQBSprTF/ZeAwvyQ5mDGuNvIPM0BIl3w=="
        },
        "jsrsasign": {
            "version": "10.1.4",
            "resolved": "https://registry.npmjs.org/jsrsasign/-/jsrsasign-10.1.4.tgz",
            "integrity": "sha512-j+bG6EaQ/SBvQvnI8M2x3Wawz8jx3fBViPClAw84QpsnLSjtr5fobp5W2TAljpAhboxWvbkZmd/KDBm+hckqJQ=="
        },
        "jwk-to-pem": {
            "version": "2.0.4",
            "resolved": "https://registry.npmjs.org/jwk-to-pem/-/jwk-to-pem-2.0.4.tgz",
            "integrity": "sha512-4CCK9UBHNWjWtfSHdyu3I6rA8vlN5cWqnVuwY0cOMyXtw6M1tP+yrM8GZpwk+P932Dc3cLag4d35B6CqyIf89A==",
            "requires": {
                "asn1.js": "^5.3.0",
                "elliptic": "^6.5.3",
                "safe-buffer": "^5.0.1"
            }
        },
        "minimalistic-assert": {
            "version": "1.0.1",
            "resolved": "https://registry.npmjs.org/minimalistic-assert/-/minimalistic-assert-1.0.1.tgz",
            "integrity": "sha512-UtJcAD4yEaGtjPezWuO9wC4nwUnVH/8/Im3yEHQP4b67cXlD/Qr9hdITCU1xDbSEXg2XKNaP8jsReV7vQd00/A=="
        },
        "minimalistic-crypto-utils": {
            "version": "1.0.1",
            "resolved": "https://registry.npmjs.org/minimalistic-crypto-utils/-/minimalistic-crypto-utils-1.0.1.tgz",
            "integrity": "sha1-9sAMHAsIIkblxNmd+4x8CDsrWCo="
        },
        "node-fetch": {
            "version": "2.6.1",
            "resolved": "https://registry.npmjs.org/node-fetch/-/node-fetch-2.6.1.tgz",
            "integrity": "sha512-V4aYg89jEoVRxRb2fJdAg8FHvI7cEyYdVAh94HH0UIK8oJxUfkjlDQN9RbMx+bEjP7+ggMiFRprSti032Oipxw=="
        },
        "node-rsa": {
            "version": "1.1.1",
            "resolved": "https://registry.npmjs.org/node-rsa/-/node-rsa-1.1.1.tgz",
            "integrity": "sha512-Jd4cvbJMryN21r5HgxQOpMEqv+ooke/korixNNK3mGqfGJmy0M77WDDzo/05969+OkMy3XW1UuZsSmW9KQm7Fw==",
            "requires": {
                "asn1": "^0.2.4"
            }
        },
        "nofilter": {
            "version": "1.0.4",
            "resolved": "https://registry.npmjs.org/nofilter/-/nofilter-1.0.4.tgz",
            "integrity": "sha512-N8lidFp+fCz+TD51+haYdbDGrcBWwuHX40F5+z0qkUjMJ5Tp+rdSuAkMJ9N9eoolDlEVTf6u5icM+cNKkKW2mA=="
        },
        "pvtsutils": {
            "version": "1.1.1",
            "resolved": "https://registry.npmjs.org/pvtsutils/-/pvtsutils-1.1.1.tgz",
            "integrity": "sha512-Evbhe6L4Sxwu4SPLQ4LQZhgfWDQO3qa1lju9jM5cxsQp8vE10VipcSmo7hiJW48TmiHgVLgDtC2TL6/+ND+IVg==",
            "requires": {
                "tslib": "^2.0.3"
            }
        },
        "pvutils": {
            "version": "1.0.17",
            "resolved": "https://registry.npmjs.org/pvutils/-/pvutils-1.0.17.tgz",
            "integrity": "sha512-wLHYUQxWaXVQvKnwIDWFVKDJku9XDCvyhhxoq8dc5MFdIlRenyPI9eSfEtcvgHgD7FlvCyGAlWgOzRnZD99GZQ=="
        },
        "safe-buffer": {
            "version": "5.2.1",
            "resolved": "https://registry.npmjs.org/safe-buffer/-/safe-buffer-5.2.1.tgz",
            "integrity": "sha512-rp3So07KcdmmKbGvgaNxQSJr7bGVSVk5S9Eq1F+ppbRo70+YeaDxkw5Dd8NPN+GD6bjnYm2VuPuCXmpuYvmCXQ=="
        },
        "safer-buffer": {
            "version": "2.1.2",
            "resolved": "https://registry.npmjs.org/safer-buffer/-/safer-buffer-2.1.2.tgz",
            "integrity": "sha512-YZo3K82SD7Riyi0E1EQPojLz7kpepnSQI9IyPbHHg1XXXevb5dJI7tpyN2ADxGcQbHG7vcyRHk0cbwqcQriUtg=="
        },
        "tslib": {
            "version": "2.1.0",
            "resolved": "https://registry.npmjs.org/tslib/-/tslib-2.1.0.tgz",
            "integrity": "sha512-hcVC3wYEziELGGmEEXue7D75zbwIIVUMWAVbHItGPx0ziyXxrOMQx4rQEVEV45Ut/1IotuEvwqPopzIOkDMf0A=="
        }
    }
}
